
Microsoft Visual Studio Solution File, Format Version 12.00
# Visual Studio Version 17
VisualStudioVersion = 17.14.36121.58 d17.14
MinimumVisualStudioVersion = 10.0.40219.1
Project("{FAE04EC0-301F-11D3-BF4B-00C04F79EFBC}") = "xzephir", "xzephir\xzephir.csproj", "{B65E4C74-88A6-4523-9EF4-D2499D950C72}"
EndProject
Global
	GlobalSection(SolutionConfigurationPlatforms) = preSolution
		Debug|Any CPU = Debug|Any CPU
		Release|Any CPU = Release|Any CPU
	EndGlobalSection
	GlobalSection(ProjectConfigurationPlatforms) = postSolution
		{B65E4C74-88A6-4523-9EF4-D2499D950C72}.Debug|Any CPU.ActiveCfg = Debug|Any CPU
		{B65E4C74-88A6-4523-9EF4-D2499D950C72}.Debug|Any CPU.Build.0 = Debug|Any CPU
		{B65E4C74-88A6-4523-9EF4-D2499D950C72}.Release|Any CPU.ActiveCfg = Release|Any CPU
		{B65E4C74-88A6-4523-9EF4-D2499D950C72}.Release|Any CPU.Build.0 = Release|Any CPU
	EndGlobalSection
	GlobalSection(SolutionProperties) = preSolution
		HideSolutionNode = FALSE
	EndGlobalSection
	GlobalSection(ExtensibilityGlobals) = postSolution
		SolutionGuid = {7E4C1BF3-AB60-4A82-B898-641C842C930E}
	EndGlobalSection
EndGlobal
